
Microsoft Visual Studio Solution File, Format Version 12.00
# Visual Studio Version 16
VisualStudioVersion = 16.0.29613.14
MinimumVisualStudioVersion = 10.0.40219.1
Project("{9A19103F-16F7-4668-BE54-9A1E7A4F7556}") = "DAL", "DAL\DAL.csproj", "{653E430B-FC34-4E3C-A5B6-E67CB9FFD5B0}"
EndProject
Project("{9A19103F-16F7-4668-BE54-9A1E7A4F7556}") = "BLL", "BLL\BLL.csproj", "{B3D40F82-6DA9-4F05-80D7-6B712C30BC61}"
EndProject
Project("{9A19103F-16F7-4668-BE54-9A1E7A4F7556}") = "PL", "PL\PL.csproj", "{58391A20-BB54-45FC-ABA5-8626CE631D0E}"
EndProject
Project("{9A19103F-16F7-4668-BE54-9A1E7A4F7556}") = "TestConsole", "ConsoleApp2\TestConsole.csproj", "{DB71F2C9-4938-42DA-85AC-634A2F3A18A0}"
EndProject
Global
	GlobalSection(SolutionConfigurationPlatforms) = preSolution
		Debug|Any CPU = Debug|Any CPU
		Release|Any CPU = Release|Any CPU
	EndGlobalSection
	GlobalSection(ProjectConfigurationPlatforms) = postSolution
		{653E430B-FC34-4E3C-A5B6-E67CB9FFD5B0}.Debug|Any CPU.ActiveCfg = Debug|Any CPU
		{653E430B-FC34-4E3C-A5B6-E67CB9FFD5B0}.Debug|Any CPU.Build.0 = Debug|Any CPU
		{653E430B-FC34-4E3C-A5B6-E67CB9FFD5B0}.Release|Any CPU.ActiveCfg = Release|Any CPU
		{653E430B-FC34-4E3C-A5B6-E67CB9FFD5B0}.Release|Any CPU.Build.0 = Release|Any CPU
		{B3D40F82-6DA9-4F05-80D7-6B712C30BC61}.Debug|Any CPU.ActiveCfg = Debug|Any CPU
		{B3D40F82-6DA9-4F05-80D7-6B712C30BC61}.Debug|Any CPU.Build.0 = Debug|Any CPU
		{B3D40F82-6DA9-4F05-80D7-6B712C30BC61}.Release|Any CPU.ActiveCfg = Release|Any CPU
		{B3D40F82-6DA9-4F05-80D7-6B712C30BC61}.Release|Any CPU.Build.0 = Release|Any CPU
		{58391A20-BB54-45FC-ABA5-8626CE631D0E}.Debug|Any CPU.ActiveCfg = Debug|Any CPU
		{58391A20-BB54-45FC-ABA5-8626CE631D0E}.Debug|Any CPU.Build.0 = Debug|Any CPU
		{58391A20-BB54-45FC-ABA5-8626CE631D0E}.Release|Any CPU.ActiveCfg = Release|Any CPU
		{58391A20-BB54-45FC-ABA5-8626CE631D0E}.Release|Any CPU.Build.0 = Release|Any CPU
		{DB71F2C9-4938-42DA-85AC-634A2F3A18A0}.Debug|Any CPU.ActiveCfg = Debug|Any CPU
		{DB71F2C9-4938-42DA-85AC-634A2F3A18A0}.Debug|Any CPU.Build.0 = Debug|Any CPU
		{DB71F2C9-4938-42DA-85AC-634A2F3A18A0}.Release|Any CPU.ActiveCfg = Release|Any CPU
		{DB71F2C9-4938-42DA-85AC-634A2F3A18A0}.Release|Any CPU.Build.0 = Release|Any CPU
	EndGlobalSection
	GlobalSection(SolutionProperties) = preSolution
		HideSolutionNode = FALSE
	EndGlobalSection
	GlobalSection(ExtensibilityGlobals) = postSolution
		SolutionGuid = {474C445A-34B3-477D-87FE-EA1D05B5BF74}
	EndGlobalSection
EndGlobal
