
Microsoft Visual Studio Solution File, Format Version 12.00
# Visual Studio Version 16
VisualStudioVersion = 16.0.29613.14
MinimumVisualStudioVersion = 10.0.40219.1
Project("{FAE04EC0-301F-11D3-BF4B-00C04F79EFBC}") = "WPF_testovoe", "WPF_testovoe\WPF_testovoe.csproj", "{D037A9E3-1ACC-4D8B-8E62-33DF4F5D9203}"
EndProject
Global
	GlobalSection(SolutionConfigurationPlatforms) = preSolution
		Debug|Any CPU = Debug|Any CPU
		Release|Any CPU = Release|Any CPU
	EndGlobalSection
	GlobalSection(ProjectConfigurationPlatforms) = postSolution
		{D037A9E3-1ACC-4D8B-8E62-33DF4F5D9203}.Debug|Any CPU.ActiveCfg = Debug|Any CPU
		{D037A9E3-1ACC-4D8B-8E62-33DF4F5D9203}.Debug|Any CPU.Build.0 = Debug|Any CPU
		{D037A9E3-1ACC-4D8B-8E62-33DF4F5D9203}.Release|Any CPU.ActiveCfg = Release|Any CPU
		{D037A9E3-1ACC-4D8B-8E62-33DF4F5D9203}.Release|Any CPU.Build.0 = Release|Any CPU
	EndGlobalSection
	GlobalSection(SolutionProperties) = preSolution
		HideSolutionNode = FALSE
	EndGlobalSection
	GlobalSection(ExtensibilityGlobals) = postSolution
		SolutionGuid = {474C445A-34B3-477D-87FE-EA1D05B5BF74}
	EndGlobalSection
EndGlobal
